
Microsoft Visual Studio Solution File, Format Version 12.00
# Visual Studio Version 17
VisualStudioVersion = 17.13.35919.96
MinimumVisualStudioVersion = 10.0.40219.1
Project("{FAE04EC0-301F-11D3-BF4B-00C04F79EFBC}") = "ST10439397 PROG6221 Part 1", "ST10439397 PROG6221 Part 1\ST10439397 PROG6221 Part 1.csproj", "{BB223F21-E891-4C47-9974-3E77CB8F1190}"
EndProject
Project("{FAE04EC0-301F-11D3-BF4B-00C04F79EFBC}") = "CyberChatbotGUI", "CyberChatbotGUI\CyberChatbotGUI.csproj", "{1B09A78C-1482-4C27-AB39-A9F650518F7C}"
EndProject
Global
	GlobalSection(SolutionConfigurationPlatforms) = preSolution
		Debug|Any CPU = Debug|Any CPU
		Release|Any CPU = Release|Any CPU
	EndGlobalSection
	GlobalSection(ProjectConfigurationPlatforms) = postSolution
		{BB223F21-E891-4C47-9974-3E77CB8F1190}.Debug|Any CPU.ActiveCfg = Debug|Any CPU
		{BB223F21-E891-4C47-9974-3E77CB8F1190}.Debug|Any CPU.Build.0 = Debug|Any CPU
		{BB223F21-E891-4C47-9974-3E77CB8F1190}.Release|Any CPU.ActiveCfg = Release|Any CPU
		{BB223F21-E891-4C47-9974-3E77CB8F1190}.Release|Any CPU.Build.0 = Release|Any CPU
		{1B09A78C-1482-4C27-AB39-A9F650518F7C}.Debug|Any CPU.ActiveCfg = Debug|Any CPU
		{1B09A78C-1482-4C27-AB39-A9F650518F7C}.Debug|Any CPU.Build.0 = Debug|Any CPU
		{1B09A78C-1482-4C27-AB39-A9F650518F7C}.Release|Any CPU.ActiveCfg = Release|Any CPU
		{1B09A78C-1482-4C27-AB39-A9F650518F7C}.Release|Any CPU.Build.0 = Release|Any CPU
	EndGlobalSection
	GlobalSection(SolutionProperties) = preSolution
		HideSolutionNode = FALSE
	EndGlobalSection
	GlobalSection(ExtensibilityGlobals) = postSolution
		SolutionGuid = {B6304F37-AAED-4EFB-B6B6-387E3B670ACF}
	EndGlobalSection
EndGlobal
